// !$*UTF8*$!
{
	archiveVersion = 1;
	classes = {
	};
	objectVersion = 46;
	objects = {

/* Begin PBXBuildFile section */
		01556AE5F71A5D284F8B8DAD /* CascRootFile_Install.cpp in Sources */ = {isa = PBXBuildFile; fileRef = E685D742F7529CDB954EF066 /* CascRootFile_Install.cpp */; };
		02FF2989C83AE287D1D90A5D /* CascViewerApp.swift in Sources */ = {isa = PBXBuildFile; fileRef = DDC871518AA0909451F89C72 /* CascViewerApp.swift */; };
		037A470504DB30EFFCACF80F45F52C0B /* ToolbarView.swift in Sources */ = {isa = PBXBuildFile; fileRef = 7E998AAA1637F02BDB222B4F26B286AF /* ToolbarView.swift */; };
		06A83327074E651AD8980A84 /* BLPDecoderCoordinator.swift in Sources */ = {isa = PBXBuildFile; fileRef = 0080CDFEC7BC5E29ED5C8AD0 /* BLPDecoderCoordinator.swift */; };
		0BADAAEC3C84D033D5264282 /* CDNProduct.swift in Sources */ = {isa = PBXBuildFile; fileRef = 5028BB24E307C519C0130E0E /* CDNProduct.swift */; };
		172E6E146C2A14931A56F7FF /* MainWindowView.swift in Sources */ = {isa = PBXBuildFile; fileRef = 5B6BCE37A9280E35F34F1154 /* MainWindowView.swift */; };
		197B1B4D2CA41F96379ABBC4 /* CascRootFile_WoW.cpp in Sources */ = {isa = PBXBuildFile; fileRef = 573143E92267442F4D7B6A98 /* CascRootFile_WoW.cpp */; };
		25B9B34C3912FEEF2E00BD28 /* CascFiles.cpp in Sources */ = {isa = PBXBuildFile; fileRef = DFC33452ACA17436061E5626 /* CascFiles.cpp */; };
		27FE348AC978ACE4040B10F6 /* CascViewerTests.swift in Sources */ = {isa = PBXBuildFile; fileRef = AFE966467010291B97D25EFC /* CascViewerTests.swift */; };
		2A3A8BBC5F5C013D873E2828 /* AppSettingsTests.swift in Sources */ = {isa = PBXBuildFile; fileRef = 6B3884ED075B3207805D9031 /* AppSettingsTests.swift */; };
		2D93B78694FC7A98E3F63545 /* InstallManifestWindowController.swift in Sources */ = {isa = PBXBuildFile; fileRef = 203BA01A02EBC8DEC2462D73 /* InstallManifestWindowController.swift */; };
		2EC0D95E05EE9CCA0BE47901 /* libcurl.tbd in Frameworks */ = {isa = PBXBuildFile; fileRef = 1AA2D4B030A2E2A07F7D82C4 /* libcurl.tbd */; };
		308B59ECC23544008EF5FA04 /* BridgeTests.swift in Sources */ = {isa = PBXBuildFile; fileRef = 30CF441EFCAA4921BCA96139 /* BridgeTests.swift */; };
		35FD3BB8F88FC22459CA8A23 /* CascBridge+Sendable.swift in Sources */ = {isa = PBXBuildFile; fileRef = 2458F6C63AF9557BC2D751E0 /* CascBridge+Sendable.swift */; };
		39D9B3484F0602C4D0C0AD0B /* BLPImageInfo.swift in Sources */ = {isa = PBXBuildFile; fileRef = ECAC951BA9367B1B54A50B52 /* BLPImageInfo.swift */; };
		3B9267AB2BDDE21301D7B864 /* ChildrenMapTests.swift in Sources */ = {isa = PBXBuildFile; fileRef = E1A3D15ECB52A3E866FA5B62 /* ChildrenMapTests.swift */; };
		3FC64AAADCAC494DBC9CD0BB /* ServiceTests.swift in Sources */ = {isa = PBXBuildFile; fileRef = A7ACAD71F179479399D317B5 /* ServiceTests.swift */; };
		424ABEEC87C920DAAC4B4E5A /* Directory.cpp in Sources */ = {isa = PBXBuildFile; fileRef = F3407A3868639BD7C2EA268B /* Directory.cpp */; };
		462578381ED52C1C7CF09D6739A38542 /* FilePreviewPanel.swift in Sources */ = {isa = PBXBuildFile; fileRef = 1CE0B9866ABEC28A52AD9DA460D84BA2 /* FilePreviewPanel.swift */; };
		4831170CF5118AC5F7332C7D /* SearchParserTests.swift in Sources */ = {isa = PBXBuildFile; fileRef = 05E59819253EFC49AE0D6ECD /* SearchParserTests.swift */; };
		4AA258605695FB01E746E1B3 /* Sockets.cpp in Sources */ = {isa = PBXBuildFile; fileRef = B7EB086980673D41B0CBF8AB /* Sockets.cpp */; };
		4D15C10CC39F79093455C089 /* CASCStorageInfo.swift in Sources */ = {isa = PBXBuildFile; fileRef = 0B0D2D299F11CC119072C346 /* CASCStorageInfo.swift */; };
		4D51AB860D38CFB17FD78A82 /* SearchPreviewTests.swift in Sources */ = {isa = PBXBuildFile; fileRef = C53A74B49F92CA270158001F /* SearchPreviewTests.swift */; };
		51FF2C4CA3B4BD63979EFAEE /* libz.tbd in Frameworks */ = {isa = PBXBuildFile; fileRef = DE915E0C8899B4E0AC257F43 /* libz.tbd */; };
		529BF5E678F2BD950A440D88 /* CascRootFile_Diablo3.cpp in Sources */ = {isa = PBXBuildFile; fileRef = 821951C36FC08A869EADC182 /* CascRootFile_Diablo3.cpp */; };
		53402D15180DB908F43C3BE9 /* BLPDecoderBridge.cpp in Sources */ = {isa = PBXBuildFile; fileRef = 34B2877B55EEFB6DD1DF5284 /* BLPDecoderBridge.cpp */; };
		53B3774597432B71EAF87108 /* RootHandler.cpp in Sources */ = {isa = PBXBuildFile; fileRef = 3C5DC5E6A96CAE5935AABAF4 /* RootHandler.cpp */; };
		55A1A7B2DFFE07299CACDE22 /* CASCStorageService.swift in Sources */ = {isa = PBXBuildFile; fileRef = 0EAF6700599D831770C9F3C8 /* CASCStorageService.swift */; };
		5797E3E1AB3A7D429B5C04CF /* OnlineStorageView.swift in Sources */ = {isa = PBXBuildFile; fileRef = 9BE656CB5D129E14AC64E4BE /* OnlineStorageView.swift */; };
		5E95E0D8C88BC7847CFE36E7 /* Cocoa.framework in Frameworks */ = {isa = PBXBuildFile; fileRef = 65A12BF1D648414026DAF157 /* Cocoa.framework */; };
		5EC3A512D07F6354CF6B6F69 /* CASCFileEntry.swift in Sources */ = {isa = PBXBuildFile; fileRef = D64CBA4CA5E2320E67611535 /* CASCFileEntry.swift */; };
		5F9295D1028D4284A77CCD04 /* LocalCascStorage.cpp in Sources */ = {isa = PBXBuildFile; fileRef = D0BEF00136D44B61844D5F8E /* LocalCascStorage.cpp */; };
		61cc49ff07334b63a1f9de517f83efda /* SearchPanelView.swift in Sources */ = {isa = PBXBuildFile; fileRef = c1c7d93268ec4530b5e3690592b665bc /* SearchPanelView.swift */; };
		6684747161DAFF1508B89607 /* CascDecrypt.cpp in Sources */ = {isa = PBXBuildFile; fileRef = C7B3993B5DD2B9BAB97089B8 /* CascDecrypt.cpp */; };
		6789012345678ABCDEF0123456789ABC /* BLPAnimationControls.swift in Sources */ = {isa = PBXBuildFile; fileRef = C3D4E5F6789012345678ABCDEF012345 /* BLPAnimationControls.swift */; };
		6F8F6D1395942D273BE9A9ED /* Localizable.strings in Resources */ = {isa = PBXBuildFile; fileRef = B9578B46AAD3571DDD3649BD /* Localizable.strings */; };
		745F71D8BA82A40EBC6D2B0C /* CASCSearchService.swift in Sources */ = {isa = PBXBuildFile; fileRef = 2761450A441A10DA77FEBF86 /* CASCSearchService.swift */; };
	5CD38ABCA564158A22A877BA /* LocalizationManager.swift in Sources */ = {isa = PBXBuildFile; fileRef = DCFBFBFAED73D4521A472ACE /* LocalizationManager.swift */; };
		74EE42895653FED52D9F0337C6DAADEE /* FileTreeView.swift in Sources */ = {isa = PBXBuildFile; fileRef = 09735D48B9B53C7CD4B0B5A385536583 /* FileTreeView.swift */; };
		789012345678ABCDEF0123456789ABCD /* BLPMipMapSelector.swift in Sources */ = {isa = PBXBuildFile; fileRef = D4E5F6789012345678ABCDEF01234567 /* BLPMipMapSelector.swift */; };
		7DF6A5C45692C2B8C08D2969 /* ListFile.cpp in Sources */ = {isa = PBXBuildFile; fileRef = A71329496ECA91E09CBC2223 /* ListFile.cpp */; };
		83D4FDD835ED3EC9ABFC68A6 /* CascIndexFiles.cpp in Sources */ = {isa = PBXBuildFile; fileRef = C76566A5C1EFA2D1F14473CD /* CascIndexFiles.cpp */; };
		8593A63AE5F820BFD2C16B1E /* OnlineStorageWindowController.swift in Sources */ = {isa = PBXBuildFile; fileRef = 1D87F00A234D8CE030EBEB88 /* OnlineStorageWindowController.swift */; };
		8733DAC65D4C0E31DE3E2B77 /* CascOpenFile.cpp in Sources */ = {isa = PBXBuildFile; fileRef = 6456A97D7F3B22F851619C83 /* CascOpenFile.cpp */; };
		8B9FFD4DA9F78665A98B9987 /* CascStorageHandle.cpp in Sources */ = {isa = PBXBuildFile; fileRef = 7E6F0F92DB2DF0F0B8A3032F /* CascStorageHandle.cpp */; };
		8D8E1147AE582A1F71956949 /* Common.cpp in Sources */ = {isa = PBXBuildFile; fileRef = C407F73545CE66D9E086A335 /* Common.cpp */; };
		8e3acd0a4d954c76b0cc3eba7fbd7119 /* SearchWindowController.swift in Sources */ = {isa = PBXBuildFile; fileRef = 5a48b6ac88544c778ba18d917fa129ef /* SearchWindowController.swift */; };
		90A4C1DB5D644463A144BB3C132F7863 /* ExtractDialogView.swift in Sources */ = {isa = PBXBuildFile; fileRef = 1A8215F4B2E848028DCC8338D668EE63 /* ExtractDialogView.swift */; };
		9221E9AB5DB11F08CA124134 /* CascDumpData.cpp in Sources */ = {isa = PBXBuildFile; fileRef = 91A4C1B8FCD866FBF6F8A446 /* CascDumpData.cpp */; };
		9353117A4C9C9675F7827DEA28AA0032 /* FileListView.swift in Sources */ = {isa = PBXBuildFile; fileRef = 9DE766F954D9B014A10A4A372929444F /* FileListView.swift */; };
		9D7760B822B15675792546BB /* CascRootFile_MNDX.cpp in Sources */ = {isa = PBXBuildFile; fileRef = F48A957337D0DA302C31BF54 /* CascRootFile_MNDX.cpp */; };
		A1711B9E4C58F33355DE0A89 /* cmf.cpp in Sources */ = {isa = PBXBuildFile; fileRef = FF97E7A9848A040719B153D1 /* cmf.cpp */; };
		A4362CE38EE34B8B9FDACA56261F029F /* IntegrationTests.swift in Sources */ = {isa = PBXBuildFile; fileRef = 7B49513BF7A5406AAAD097452DF39E98 /* IntegrationTests.swift */; };
		A523C08217354268DEEC09C5 /* CascFindFile.cpp in Sources */ = {isa = PBXBuildFile; fileRef = 4947D00BC8F1B6A93F86FD8F /* CascFindFile.cpp */; };
		A5AA332C62E60E36005607F6 /* CascReadFile.cpp in Sources */ = {isa = PBXBuildFile; fileRef = 343D3D1253E74997181CF840 /* CascReadFile.cpp */; };
		AFFE10EAE618391FADB5F697 /* CASCError.swift in Sources */ = {isa = PBXBuildFile; fileRef = 44051960FF9179CDDB79AA39 /* CASCError.swift */; };
		B2B43A90C034F9B9E4A4B09B /* CDNCacheManager.cpp in Sources */ = {isa = PBXBuildFile; fileRef = 0F540B1A5FC8CBA58ED0AC72 /* CDNCacheManager.cpp */; };
		B3CFC4C0A529025B4BC55DCB /* AppState.swift in Sources */ = {isa = PBXBuildFile; fileRef = 9D10EBED085E4B4286FDD9D9 /* AppState.swift */; };
	74C21186E885D92B510B089E /* AppSettings.swift in Sources */ = {isa = PBXBuildFile; fileRef = 60F82CEB2DCB30634960BFAD /* AppSettings.swift */; };
		B6A2628E1AB1979CD0118AB5 /* Csv.cpp in Sources */ = {isa = PBXBuildFile; fileRef = 903A6074953CCD3D24F4EB65 /* Csv.cpp */; };
		B6CBA3311C5A32B894703F94 /* sha1.cpp in Sources */ = {isa = PBXBuildFile; fileRef = 552F10D7E0DF7836BBDB395D /* sha1.cpp */; };
		BC39F5663F558DC4888266E1 /* FileTree.cpp in Sources */ = {isa = PBXBuildFile; fileRef = 13EE8E2EAF607AFE5380A534 /* FileTree.cpp */; };
		BC667D0E6B33C558ABE3ECBEA2E0C8C5 /* StatusBarView.swift in Sources */ = {isa = PBXBuildFile; fileRef = 78FB51A989637293953B7DA528A8544D /* StatusBarView.swift */; };
		BDD431DF64EF2F8D373EA6B8 /* CascRootFile_TVFS.cpp in Sources */ = {isa = PBXBuildFile; fileRef = 20D05AD073882AA3AE97A8F7 /* CascRootFile_TVFS.cpp */; };
		BE5C2E1686F1FD23E21B24C2 /* InstallManifestView.swift in Sources */ = {isa = PBXBuildFile; fileRef = 1292BF0F06C253DC91DA157E /* InstallManifestView.swift */; };
	CC9D6442C53CDE8DBC3AC8A7 /* InstallManifestTableView.swift in Sources */ = {isa = PBXBuildFile; fileRef = AD4A290F57E72A0CB0CD58E5 /* InstallManifestTableView.swift */; };
	AE634EE7C8A0FBFD9A128E34 /* InstallManifestEntryDetailView.swift in Sources */ = {isa = PBXBuildFile; fileRef = F6CC545C0DE32694850407E0 /* InstallManifestEntryDetailView.swift */; };
	3D0A6EAEC614C46E103C56AF /* InstallManifestExportSheet.swift in Sources */ = {isa = PBXBuildFile; fileRef = F5E9355006C48354EBD7283F /* InstallManifestExportSheet.swift */; };
		C1A0EBD11DE92127659B3300 /* CDNConfig.cpp in Sources */ = {isa = PBXBuildFile; fileRef = 4E39B4D1CD21D0464CAA3CE0 /* CDNConfig.cpp */; };
		CB7D493FFB970DB98CDCF788 /* md5.cpp in Sources */ = {isa = PBXBuildFile; fileRef = 514472C8EC4C506706F46690 /* md5.cpp */; };
		CC27540714E29CA130EE9D2F /* CascDecompress.cpp in Sources */ = {isa = PBXBuildFile; fileRef = 6C289CDBB7ED62A067619C29 /* CascDecompress.cpp */; };
		CD25F0AEB1212D5E1ED59ACA /* CascRootFile_Text.cpp in Sources */ = {isa = PBXBuildFile; fileRef = 5D8E54A9B51444C8E39402BA /* CascRootFile_Text.cpp */; };
		CEB5629AE8F0117EBEFC072C /* FileStream.cpp in Sources */ = {isa = PBXBuildFile; fileRef = 163D27D9001ABE92A4C87117 /* FileStream.cpp */; };
		D505C329C595D3C0907A8388 /* CASCExtractService.swift in Sources */ = {isa = PBXBuildFile; fileRef = D201A7934AC3A3D661C6CB4C /* CASCExtractService.swift */; };
		D5E1827D062484478F8E4332 /* Assets.xcassets in Resources */ = {isa = PBXBuildFile; fileRef = 0F1CC7D58B59DC3D8363D661 /* Assets.xcassets */; };
		DA778C1081073CC588816768 /* Cocoa.framework in Frameworks */ = {isa = PBXBuildFile; fileRef = 65A12BF1D648414026DAF157 /* Cocoa.framework */; };
		DF57FEABB555D9FCC555C5CD /* apm.cpp in Sources */ = {isa = PBXBuildFile; fileRef = BCAA1FA5080793E0EB87FF18 /* apm.cpp */; };
		E382BD244FF12FB87B867307 /* CDNConfigService.swift in Sources */ = {isa = PBXBuildFile; fileRef = F805F4E1E7783D486B22281C /* CDNConfigService.swift */; };
		E5F6789012345678ABCDEF0123456789 /* BLPViewerWindow.swift in Sources */ = {isa = PBXBuildFile; fileRef = A1B2C3D4E5F6789012345678ABCDEF01 /* BLPViewerWindow.swift */; };
		EA4867FD974BCE4332E163AD /* Localizable.strings in Resources */ = {isa = PBXBuildFile; fileRef = 001E70D407C4FABF23E7468A /* Localizable.strings */; };
		EF24B13E19DDCF616FE63FF6 /* lookup3.c in Sources */ = {isa = PBXBuildFile; fileRef = 2B321136423FAF8FC571698A /* lookup3.c */; };
		F30AA302032A81ABA1CA7ED2 /* CDNProductService.swift in Sources */ = {isa = PBXBuildFile; fileRef = B8DA7A45CD285A674BDEFCCF /* CDNProductService.swift */; };
		F36C9645ACD6ABC997C3A2B3 /* CascRootFile_OW.cpp in Sources */ = {isa = PBXBuildFile; fileRef = 99179986A1B6D057F25FDE88 /* CascRootFile_OW.cpp */; };
		F5F10E6FDD4971F4513ECB3D /* Mime.cpp in Sources */ = {isa = PBXBuildFile; fileRef = 23607A5F1D7C0F155E14B24B /* Mime.cpp */; };
		F6767672290F47B5453CD517 /* CascOpenStorage.cpp in Sources */ = {isa = PBXBuildFile; fileRef = 67562BD9B2A0706D6DF74178 /* CascOpenStorage.cpp */; };
		F6789012345678ABCDEF0123456789AB /* BLPViewerView.swift in Sources */ = {isa = PBXBuildFile; fileRef = B2C3D4E5F6789012345678ABCDEF0123 /* BLPViewerView.swift */; };
		F82B9B63F9F175BB716E67A1 /* aes.cpp in Sources */ = {isa = PBXBuildFile; fileRef = DA4F4F44C601D45F8DCDC6DC /* aes.cpp */; };
		bded554361194cb1820bb7a599abbaaf /* SearchResultTableView.swift in Sources */ = {isa = PBXBuildFile; fileRef = c84b018fbc4d43d8b692b2903f929b2d /* SearchResultTableView.swift */; };
/* End PBXBuildFile section */

/* Begin PBXContainerItemProxy section */
		6A6444D9DB7B7B9016A8E586 /* PBXContainerItemProxy */ = {
			isa = PBXContainerItemProxy;
			containerPortal = 32D2DC30BA1B1A342192574A /* Project object */;
			proxyType = 1;
			remoteGlobalIDString = 940BFD6D6B55C0AC224C88A7;
			remoteInfo = CascViewer;
		};
/* End PBXContainerItemProxy section */

/* Begin PBXFileReference section */
		001E70D407C4FABF23E7468A /* Localizable.strings */ = {isa = PBXFileReference; includeInIndex = 1; lastKnownFileType = text.plist.strings; name = Localizable.strings; path = en.lproj/Localizable.strings; sourceTree = "<group>"; };
		0080CDFEC7BC5E29ED5C8AD0 /* BLPDecoderCoordinator.swift */ = {isa = PBXFileReference; includeInIndex = 1; lastKnownFileType = sourcecode.swift; path = BLPDecoderCoordinator.swift; sourceTree = "<group>"; };
		05E59819253EFC49AE0D6ECD /* SearchParserTests.swift */ = {isa = PBXFileReference; includeInIndex = 1; lastKnownFileType = sourcecode.swift; path = SearchParserTests.swift; sourceTree = "<group>"; };
		09735D48B9B53C7CD4B0B5A385536583 /* FileTreeView.swift */ = {isa = PBXFileReference; includeInIndex = 1; lastKnownFileType = sourcecode.swift; path = FileTreeView.swift; sourceTree = "<group>"; };
		0B0D2D299F11CC119072C346 /* CASCStorageInfo.swift */ = {isa = PBXFileReference; includeInIndex = 1; lastKnownFileType = sourcecode.swift; path = CASCStorageInfo.swift; sourceTree = "<group>"; };
		0CC9B29BD5D0439390006776 /* ArraySparse.h */ = {isa = PBXFileReference; includeInIndex = 1; lastKnownFileType = sourcecode.c.h; name = ArraySparse.h; path = CascLib/src/common/ArraySparse.h; sourceTree = "<group>"; };
		0D92554856EB259EF384EE77 /* md5.h */ = {isa = PBXFileReference; includeInIndex = 1; lastKnownFileType = sourcecode.c.h; name = md5.h; path = CascLib/src/hashes/md5.h; sourceTree = "<group>"; };
		0EAF6700599D831770C9F3C8 /* CASCStorageService.swift */ = {isa = PBXFileReference; includeInIndex = 1; lastKnownFileType = sourcecode.swift; path = CASCStorageService.swift; sourceTree = "<group>"; };
		0ECCA4827CA34CBCAB734CEC /* LocalCascStorage.h */ = {isa = PBXFileReference; includeInIndex = 1; lastKnownFileType = sourcecode.c.h; name = LocalCascStorage.h; path = LocalCascStorage.h; sourceTree = "<group>"; };
		0F1CC7D58B59DC3D8363D661 /* Assets.xcassets */ = {isa = PBXFileReference; includeInIndex = 1; lastKnownFileType = folder.assetcatalog; path = Assets.xcassets; sourceTree = "<group>"; };
		0F540B1A5FC8CBA58ED0AC72 /* CDNCacheManager.cpp */ = {isa = PBXFileReference; includeInIndex = 1; lastKnownFileType = sourcecode.cpp.cpp; name = CDNCacheManager.cpp; path = CDNCacheManager.cpp; sourceTree = "<group>"; };
		1167740686BF24CB9E179A46 /* Csv.h */ = {isa = PBXFileReference; includeInIndex = 1; lastKnownFileType = sourcecode.c.h; name = Csv.h; path = CascLib/src/common/Csv.h; sourceTree = "<group>"; };
		1292BF0F06C253DC91DA157E /* InstallManifestView.swift */ = {isa = PBXFileReference; includeInIndex = 1; lastKnownFileType = sourcecode.swift; name = InstallManifestView.swift; path = InstallManifestView.swift; sourceTree = "<group>"; };
	AD4A290F57E72A0CB0CD58E5 /* InstallManifestTableView.swift */ = {isa = PBXFileReference; includeInIndex = 1; lastKnownFileType = sourcecode.swift; name = InstallManifestTableView.swift; path = InstallManifestTableView.swift; sourceTree = "<group>"; };
	F6CC545C0DE32694850407E0 /* InstallManifestEntryDetailView.swift */ = {isa = PBXFileReference; includeInIndex = 1; lastKnownFileType = sourcecode.swift; name = InstallManifestEntryDetailView.swift; path = InstallManifestEntryDetailView.swift; sourceTree = "<group>"; };
	F5E9355006C48354EBD7283F /* InstallManifestExportSheet.swift */ = {isa = PBXFileReference; includeInIndex = 1; lastKnownFileType = sourcecode.swift; name = InstallManifestExportSheet.swift; path = InstallManifestExportSheet.swift; sourceTree = "<group>"; };
		13EE8E2EAF607AFE5380A534 /* FileTree.cpp */ = {isa = PBXFileReference; includeInIndex = 1; lastKnownFileType = sourcecode.cpp.cpp; name = FileTree.cpp; path = CascLib/src/common/FileTree.cpp; sourceTree = "<group>"; };
		163D27D9001ABE92A4C87117 /* FileStream.cpp */ = {isa = PBXFileReference; includeInIndex = 1; lastKnownFileType = sourcecode.cpp.cpp; name = FileStream.cpp; path = CascLib/src/common/FileStream.cpp; sourceTree = "<group>"; };
		1A8215F4B2E848028DCC8338D668EE63 /* ExtractDialogView.swift */ = {isa = PBXFileReference; includeInIndex = 1; lastKnownFileType = sourcecode.swift; path = ExtractDialogView.swift; sourceTree = "<group>"; };
		1AA2D4B030A2E2A07F7D82C4 /* libcurl.tbd */ = {isa = PBXFileReference; lastKnownFileType = "sourcecode.text-based-dylib-definition"; name = libcurl.tbd; path = usr/lib/libcurl.tbd; sourceTree = SDKROOT; };
		1CE0B9866ABEC28A52AD9DA460D84BA2 /* FilePreviewPanel.swift */ = {isa = PBXFileReference; includeInIndex = 1; lastKnownFileType = sourcecode.swift; path = FilePreviewPanel.swift; sourceTree = "<group>"; };
		1D87F00A234D8CE030EBEB88 /* OnlineStorageWindowController.swift */ = {isa = PBXFileReference; includeInIndex = 1; lastKnownFileType = sourcecode.swift; path = OnlineStorageWindowController.swift; sourceTree = "<group>"; };
		1E6BDD2FE92B775AD3157BD4 /* Path.h */ = {isa = PBXFileReference; includeInIndex = 1; lastKnownFileType = sourcecode.c.h; name = Path.h; path = CascLib/src/common/Path.h; sourceTree = "<group>"; };
		203BA01A02EBC8DEC2462D73 /* InstallManifestWindowController.swift */ = {isa = PBXFileReference; includeInIndex = 1; lastKnownFileType = sourcecode.swift; path = InstallManifestWindowController.swift; sourceTree = "<group>"; };
		20D05AD073882AA3AE97A8F7 /* CascRootFile_TVFS.cpp */ = {isa = PBXFileReference; includeInIndex = 1; lastKnownFileType = sourcecode.cpp.cpp; name = CascRootFile_TVFS.cpp; path = CascLib/src/CascRootFile_TVFS.cpp; sourceTree = "<group>"; };
		23607A5F1D7C0F155E14B24B /* Mime.cpp */ = {isa = PBXFileReference; includeInIndex = 1; lastKnownFileType = sourcecode.cpp.cpp; name = Mime.cpp; path = CascLib/src/common/Mime.cpp; sourceTree = "<group>"; };
		2458F6C63AF9557BC2D751E0 /* CascBridge+Sendable.swift */ = {isa = PBXFileReference; includeInIndex = 1; lastKnownFileType = sourcecode.swift; name = "CascBridge+Sendable.swift"; path = "CascBridge+Sendable.swift"; sourceTree = "<group>"; };
		2761450A441A10DA77FEBF86 /* CASCSearchService.swift */ = {isa = PBXFileReference; includeInIndex = 1; lastKnownFileType = sourcecode.swift; path = CASCSearchService.swift; sourceTree = "<group>"; };
	DCFBFBFAED73D4521A472ACE /* LocalizationManager.swift */ = {isa = PBXFileReference; includeInIndex = 1; lastKnownFileType = sourcecode.swift; name = LocalizationManager.swift; path = LocalizationManager.swift; sourceTree = "<group>"; };
		278A09974B745D208E54D7D8 /* Common.h */ = {isa = PBXFileReference; includeInIndex = 1; lastKnownFileType = sourcecode.c.h; name = Common.h; path = CascLib/src/common/Common.h; sourceTree = "<group>"; };
		2B321136423FAF8FC571698A /* lookup3.c */ = {isa = PBXFileReference; includeInIndex = 1; lastKnownFileType = sourcecode.c.c; name = lookup3.c; path = CascLib/src/jenkins/lookup3.c; sourceTree = "<group>"; };
		30CF441EFCAA4921BCA96139 /* BridgeTests.swift */ = {isa = PBXFileReference; includeInIndex = 1; lastKnownFileType = sourcecode.swift; path = BridgeTests.swift; sourceTree = "<group>"; };
		343D3D1253E74997181CF840 /* CascReadFile.cpp */ = {isa = PBXFileReference; includeInIndex = 1; lastKnownFileType = sourcecode.cpp.cpp; name = CascReadFile.cpp; path = CascLib/src/CascReadFile.cpp; sourceTree = "<group>"; };
		34B2877B55EEFB6DD1DF5284 /* BLPDecoderBridge.cpp */ = {isa = PBXFileReference; includeInIndex = 1; lastKnownFileType = sourcecode.cpp.cpp; path = BLPDecoderBridge.cpp; sourceTree = "<group>"; };
		3C5DC5E6A96CAE5935AABAF4 /* RootHandler.cpp */ = {isa = PBXFileReference; includeInIndex = 1; lastKnownFileType = sourcecode.cpp.cpp; name = RootHandler.cpp; path = CascLib/src/common/RootHandler.cpp; sourceTree = "<group>"; };
		3F0CE6201AD76D5461554E67 /* Info.plist */ = {isa = PBXFileReference; includeInIndex = 1; lastKnownFileType = text.plist.xml; path = Info.plist; sourceTree = "<group>"; };
		43DC46B47C216703772EFD6C /* Sockets.h */ = {isa = PBXFileReference; includeInIndex = 1; lastKnownFileType = sourcecode.c.h; name = Sockets.h; path = CascLib/src/common/Sockets.h; sourceTree = "<group>"; };
		44051960FF9179CDDB79AA39 /* CASCError.swift */ = {isa = PBXFileReference; includeInIndex = 1; lastKnownFileType = sourcecode.swift; path = CASCError.swift; sourceTree = "<group>"; };
		4947D00BC8F1B6A93F86FD8F /* CascFindFile.cpp */ = {isa = PBXFileReference; includeInIndex = 1; lastKnownFileType = sourcecode.cpp.cpp; name = CascFindFile.cpp; path = CascLib/src/CascFindFile.cpp; sourceTree = "<group>"; };
		4E39B4D1CD21D0464CAA3CE0 /* CDNConfig.cpp */ = {isa = PBXFileReference; includeInIndex = 1; lastKnownFileType = sourcecode.cpp.cpp; name = CDNConfig.cpp; path = CDNConfig.cpp; sourceTree = "<group>"; };
		5028BB24E307C519C0130E0E /* CDNProduct.swift */ = {isa = PBXFileReference; includeInIndex = 1; lastKnownFileType = sourcecode.swift; path = CDNProduct.swift; sourceTree = "<group>"; };
		50C1780ED047054296A0784E /* Mime.h */ = {isa = PBXFileReference; includeInIndex = 1; lastKnownFileType = sourcecode.c.h; name = Mime.h; path = CascLib/src/common/Mime.h; sourceTree = "<group>"; };
		514472C8EC4C506706F46690 /* md5.cpp */ = {isa = PBXFileReference; includeInIndex = 1; lastKnownFileType = sourcecode.cpp.cpp; name = md5.cpp; path = CascLib/src/hashes/md5.cpp; sourceTree = "<group>"; };
		552F10D7E0DF7836BBDB395D /* sha1.cpp */ = {isa = PBXFileReference; includeInIndex = 1; lastKnownFileType = sourcecode.cpp.cpp; name = sha1.cpp; path = CascLib/src/hashes/sha1.cpp; sourceTree = "<group>"; };
		56197109DDE0EDDE98940B70 /* aes.h */ = {isa = PBXFileReference; includeInIndex = 1; lastKnownFileType = sourcecode.c.h; name = aes.h; path = CascLib/src/overwatch/aes.h; sourceTree = "<group>"; };
		573143E92267442F4D7B6A98 /* CascRootFile_WoW.cpp */ = {isa = PBXFileReference; includeInIndex = 1; lastKnownFileType = sourcecode.cpp.cpp; name = CascRootFile_WoW.cpp; path = CascLib/src/CascRootFile_WoW.cpp; sourceTree = "<group>"; };
		5B6BCE37A9280E35F34F1154 /* MainWindowView.swift */ = {isa = PBXFileReference; includeInIndex = 1; lastKnownFileType = sourcecode.swift; path = MainWindowView.swift; sourceTree = "<group>"; };
		5D8E54A9B51444C8E39402BA /* CascRootFile_Text.cpp */ = {isa = PBXFileReference; includeInIndex = 1; lastKnownFileType = sourcecode.cpp.cpp; name = CascRootFile_Text.cpp; path = CascLib/src/CascRootFile_Text.cpp; sourceTree = "<group>"; };
		5E278F1A5538DC74DE9FB809 /* CDNConfig.h */ = {isa = PBXFileReference; includeInIndex = 1; lastKnownFileType = sourcecode.c.h; name = CDNConfig.h; path = CDNConfig.h; sourceTree = "<group>"; };
		5a48b6ac88544c778ba18d917fa129ef /* SearchWindowController.swift */ = {isa = PBXFileReference; includeInIndex = 1; lastKnownFileType = sourcecode.swift; path = SearchWindowController.swift; sourceTree = "<group>"; };
		6456A97D7F3B22F851619C83 /* CascOpenFile.cpp */ = {isa = PBXFileReference; includeInIndex = 1; lastKnownFileType = sourcecode.cpp.cpp; name = CascOpenFile.cpp; path = CascLib/src/CascOpenFile.cpp; sourceTree = "<group>"; };
		64FC4685DB07B929A3E1077A /* CascStructs.h */ = {isa = PBXFileReference; includeInIndex = 1; lastKnownFileType = sourcecode.c.h; name = CascStructs.h; path = CascLib/src/CascStructs.h; sourceTree = "<group>"; };
		65026C1A98250F8A0A5275C9 /* cmf-key.cpp */ = {isa = PBXFileReference; includeInIndex = 1; lastKnownFileType = sourcecode.cpp.cpp; name = "cmf-key.cpp"; path = "CascLib/src/overwatch/cmf-key.cpp"; sourceTree = "<group>"; };
		65A12BF1D648414026DAF157 /* Cocoa.framework */ = {isa = PBXFileReference; lastKnownFileType = wrapper.framework; name = Cocoa.framework; path = Platforms/MacOSX.platform/Developer/SDKs/MacOSX15.0.sdk/System/Library/Frameworks/Cocoa.framework; sourceTree = DEVELOPER_DIR; };
		67562BD9B2A0706D6DF74178 /* CascOpenStorage.cpp */ = {isa = PBXFileReference; includeInIndex = 1; lastKnownFileType = sourcecode.cpp.cpp; name = CascOpenStorage.cpp; path = CascLib/src/CascOpenStorage.cpp; sourceTree = "<group>"; };
		6B3884ED075B3207805D9031 /* AppSettingsTests.swift */ = {isa = PBXFileReference; includeInIndex = 1; lastKnownFileType = sourcecode.swift; path = AppSettingsTests.swift; sourceTree = "<group>"; };
		6C289CDBB7ED62A067619C29 /* CascDecompress.cpp */ = {isa = PBXFileReference; includeInIndex = 1; lastKnownFileType = sourcecode.cpp.cpp; name = CascDecompress.cpp; path = CascLib/src/CascDecompress.cpp; sourceTree = "<group>"; };
		75500683DAEB073431CF1602 /* RootHandler.h */ = {isa = PBXFileReference; includeInIndex = 1; lastKnownFileType = sourcecode.c.h; name = RootHandler.h; path = CascLib/src/common/RootHandler.h; sourceTree = "<group>"; };
		78FB51A989637293953B7DA528A8544D /* StatusBarView.swift */ = {isa = PBXFileReference; includeInIndex = 1; lastKnownFileType = sourcecode.swift; path = StatusBarView.swift; sourceTree = "<group>"; };
		790C1485CDB6765BA5B123FE /* aes_local.h */ = {isa = PBXFileReference; includeInIndex = 1; lastKnownFileType = sourcecode.c.h; name = aes_local.h; path = CascLib/src/overwatch/aes_local.h; sourceTree = "<group>"; };
		7919BC70D0C30EC250BB9F0A /* CascBridgeUmbrella.h */ = {isa = PBXFileReference; includeInIndex = 1; lastKnownFileType = sourcecode.c.h; path = CascBridgeUmbrella.h; sourceTree = "<group>"; };
		7B49513BF7A5406AAAD097452DF39E98 /* IntegrationTests.swift */ = {isa = PBXFileReference; includeInIndex = 1; lastKnownFileType = sourcecode.swift; path = IntegrationTests.swift; sourceTree = "<group>"; };
		7E6F0F92DB2DF0F0B8A3032F /* CascStorageHandle.cpp */ = {isa = PBXFileReference; includeInIndex = 1; lastKnownFileType = sourcecode.cpp.cpp; path = CascStorageHandle.cpp; sourceTree = "<group>"; };
		7E998AAA1637F02BDB222B4F26B286AF /* ToolbarView.swift */ = {isa = PBXFileReference; includeInIndex = 1; lastKnownFileType = sourcecode.swift; path = ToolbarView.swift; sourceTree = "<group>"; };
		821951C36FC08A869EADC182 /* CascRootFile_Diablo3.cpp */ = {isa = PBXFileReference; includeInIndex = 1; lastKnownFileType = sourcecode.cpp.cpp; name = CascRootFile_Diablo3.cpp; path = CascLib/src/CascRootFile_Diablo3.cpp; sourceTree = "<group>"; };
		83CB9F9F03DDE013788A95F7 /* ListFile.h */ = {isa = PBXFileReference; includeInIndex = 1; lastKnownFileType = sourcecode.c.h; name = ListFile.h; path = CascLib/src/common/ListFile.h; sourceTree = "<group>"; };
		903A6074953CCD3D24F4EB65 /* Csv.cpp */ = {isa = PBXFileReference; includeInIndex = 1; lastKnownFileType = sourcecode.cpp.cpp; name = Csv.cpp; path = CascLib/src/common/Csv.cpp; sourceTree = "<group>"; };
		913887CF8806424486C7A879 /* CascStorage.h */ = {isa = PBXFileReference; includeInIndex = 1; lastKnownFileType = sourcecode.c.h; path = CascStorage.h; sourceTree = "<group>"; };
		91A4C1B8FCD866FBF6F8A446 /* CascDumpData.cpp */ = {isa = PBXFileReference; includeInIndex = 1; lastKnownFileType = sourcecode.cpp.cpp; name = CascDumpData.cpp; path = CascLib/src/CascDumpData.cpp; sourceTree = "<group>"; };
		949C138BD29B48E3BF45E2BB /* CascTypes.h */ = {isa = PBXFileReference; includeInIndex = 1; lastKnownFileType = sourcecode.c.h; path = CascTypes.h; sourceTree = "<group>"; };
		98C756FB951AF7428DA31190 /* CascStorageHandle.h */ = {isa = PBXFileReference; includeInIndex = 1; lastKnownFileType = sourcecode.c.h; path = CascStorageHandle.h; sourceTree = "<group>"; };
		99179986A1B6D057F25FDE88 /* CascRootFile_OW.cpp */ = {isa = PBXFileReference; includeInIndex = 1; lastKnownFileType = sourcecode.cpp.cpp; name = CascRootFile_OW.cpp; path = CascLib/src/CascRootFile_OW.cpp; sourceTree = "<group>"; };
		9A54EC3617391F1161024B73 /* CascPort.h */ = {isa = PBXFileReference; includeInIndex = 1; lastKnownFileType = sourcecode.c.h; name = CascPort.h; path = CascLib/src/CascPort.h; sourceTree = "<group>"; };
		9BE656CB5D129E14AC64E4BE /* OnlineStorageView.swift */ = {isa = PBXFileReference; includeInIndex = 1; lastKnownFileType = sourcecode.swift; path = OnlineStorageView.swift; sourceTree = "<group>"; };
		9D10EBED085E4B4286FDD9D9 /* AppState.swift */ = {isa = PBXFileReference; includeInIndex = 1; lastKnownFileType = sourcecode.swift; path = AppState.swift; sourceTree = "<group>"; };
	60F82CEB2DCB30634960BFAD /* AppSettings.swift */ = {isa = PBXFileReference; includeInIndex = 1; lastKnownFileType = sourcecode.swift; name = AppSettings.swift; path = AppSettings.swift; sourceTree = "<group>"; };
		9DAFFCFDEF255B1550EC271E /* CascViewerTests.xctest */ = {isa = PBXFileReference; explicitFileType = wrapper.cfbundle; includeInIndex = 0; path = CascViewerTests.xctest; sourceTree = BUILT_PRODUCTS_DIR; };
		9DE766F954D9B014A10A4A372929444F /* FileListView.swift */ = {isa = PBXFileReference; includeInIndex = 1; lastKnownFileType = sourcecode.swift; path = FileListView.swift; sourceTree = "<group>"; };
		9EAA813064588827985FFDA2 /* Map.h */ = {isa = PBXFileReference; includeInIndex = 1; lastKnownFileType = sourcecode.c.h; name = Map.h; path = CascLib/src/common/Map.h; sourceTree = "<group>"; };
		A1B2C3D4E5F6789012345678ABCDEF01 /* BLPViewerWindow.swift */ = {isa = PBXFileReference; includeInIndex = 1; lastKnownFileType = sourcecode.swift; path = BLPViewerWindow.swift; sourceTree = "<group>"; };
		A71329496ECA91E09CBC2223 /* ListFile.cpp */ = {isa = PBXFileReference; includeInIndex = 1; lastKnownFileType = sourcecode.cpp.cpp; name = ListFile.cpp; path = CascLib/src/common/ListFile.cpp; sourceTree = "<group>"; };
		A7ACAD71F179479399D317B5 /* ServiceTests.swift */ = {isa = PBXFileReference; includeInIndex = 1; lastKnownFileType = sourcecode.swift; path = ServiceTests.swift; sourceTree = "<group>"; };
		A7D133EEFE591AC22BE06B4C /* overwatch.h */ = {isa = PBXFileReference; includeInIndex = 1; lastKnownFileType = sourcecode.c.h; name = overwatch.h; path = CascLib/src/overwatch/overwatch.h; sourceTree = "<group>"; };
		A8FEB22D1DEEB4FF00E64B06 /* lookup.h */ = {isa = PBXFileReference; includeInIndex = 1; lastKnownFileType = sourcecode.c.h; name = lookup.h; path = CascLib/src/jenkins/lookup.h; sourceTree = "<group>"; };
		AFE966467010291B97D25EFC /* CascViewerTests.swift */ = {isa = PBXFileReference; includeInIndex = 1; lastKnownFileType = sourcecode.swift; path = CascViewerTests.swift; sourceTree = "<group>"; };
		B1DB78AD7C1635C26329BCA1 /* Info.plist */ = {isa = PBXFileReference; includeInIndex = 1; lastKnownFileType = text.plist.xml; path = Info.plist; sourceTree = "<group>"; };
		B2C3D4E5F6789012345678ABCDEF0123 /* BLPViewerView.swift */ = {isa = PBXFileReference; includeInIndex = 1; lastKnownFileType = sourcecode.swift; path = BLPViewerView.swift; sourceTree = "<group>"; };
		B7EB086980673D41B0CBF8AB /* Sockets.cpp */ = {isa = PBXFileReference; includeInIndex = 1; lastKnownFileType = sourcecode.cpp.cpp; name = Sockets.cpp; path = CascLib/src/common/Sockets.cpp; sourceTree = "<group>"; };
		B8DA7A45CD285A674BDEFCCF /* CDNProductService.swift */ = {isa = PBXFileReference; includeInIndex = 1; lastKnownFileType = sourcecode.swift; path = CDNProductService.swift; sourceTree = "<group>"; };
		B9578B46AAD3571DDD3649BD /* Localizable.strings */ = {isa = PBXFileReference; includeInIndex = 1; lastKnownFileType = text.plist.strings; name = Localizable.strings; path = "zh-Hans.lproj/Localizable.strings"; sourceTree = "<group>"; };
		BCAA1FA5080793E0EB87FF18 /* apm.cpp */ = {isa = PBXFileReference; includeInIndex = 1; lastKnownFileType = sourcecode.cpp.cpp; name = apm.cpp; path = CascLib/src/overwatch/apm.cpp; sourceTree = "<group>"; };
		C3D4E5F6789012345678ABCDEF012345 /* BLPAnimationControls.swift */ = {isa = PBXFileReference; includeInIndex = 1; lastKnownFileType = sourcecode.swift; path = BLPAnimationControls.swift; sourceTree = "<group>"; };
		C407F73545CE66D9E086A335 /* Common.cpp */ = {isa = PBXFileReference; includeInIndex = 1; lastKnownFileType = sourcecode.cpp.cpp; name = Common.cpp; path = CascLib/src/common/Common.cpp; sourceTree = "<group>"; };
		C53A74B49F92CA270158001F /* SearchPreviewTests.swift */ = {isa = PBXFileReference; includeInIndex = 1; lastKnownFileType = sourcecode.swift; path = SearchPreviewTests.swift; sourceTree = "<group>"; };
		C6D8D142ED589A28C7CB49F2 /* Array.h */ = {isa = PBXFileReference; includeInIndex = 1; lastKnownFileType = sourcecode.c.h; name = Array.h; path = CascLib/src/common/Array.h; sourceTree = "<group>"; };
		C76566A5C1EFA2D1F14473CD /* CascIndexFiles.cpp */ = {isa = PBXFileReference; includeInIndex = 1; lastKnownFileType = sourcecode.cpp.cpp; name = CascIndexFiles.cpp; path = CascLib/src/CascIndexFiles.cpp; sourceTree = "<group>"; };
		C7B3993B5DD2B9BAB97089B8 /* CascDecrypt.cpp */ = {isa = PBXFileReference; includeInIndex = 1; lastKnownFileType = sourcecode.cpp.cpp; name = CascDecrypt.cpp; path = CascLib/src/CascDecrypt.cpp; sourceTree = "<group>"; };
		C8E915AE3C262778DFA024E9 /* CascCommon.h */ = {isa = PBXFileReference; includeInIndex = 1; lastKnownFileType = sourcecode.c.h; name = CascCommon.h; path = CascLib/src/CascCommon.h; sourceTree = "<group>"; };
		D0836201F1A4827AFEC15BE6 /* IndexMap.h */ = {isa = PBXFileReference; includeInIndex = 1; lastKnownFileType = sourcecode.c.h; name = IndexMap.h; path = CascLib/src/common/IndexMap.h; sourceTree = "<group>"; };
		D0BEF00136D44B61844D5F8E /* LocalCascStorage.cpp */ = {isa = PBXFileReference; includeInIndex = 1; lastKnownFileType = sourcecode.cpp.cpp; name = LocalCascStorage.cpp; path = LocalCascStorage.cpp; sourceTree = "<group>"; };
		D201A7934AC3A3D661C6CB4C /* CASCExtractService.swift */ = {isa = PBXFileReference; includeInIndex = 1; lastKnownFileType = sourcecode.swift; path = CASCExtractService.swift; sourceTree = "<group>"; };
		D33DFA9266FEAD8F207D433F /* Directory.h */ = {isa = PBXFileReference; includeInIndex = 1; lastKnownFileType = sourcecode.c.h; name = Directory.h; path = CascLib/src/common/Directory.h; sourceTree = "<group>"; };
		D4E5F6789012345678ABCDEF01234567 /* BLPMipMapSelector.swift */ = {isa = PBXFileReference; includeInIndex = 1; lastKnownFileType = sourcecode.swift; path = BLPMipMapSelector.swift; sourceTree = "<group>"; };
		D64CBA4CA5E2320E67611535 /* CASCFileEntry.swift */ = {isa = PBXFileReference; includeInIndex = 1; lastKnownFileType = sourcecode.swift; path = CASCFileEntry.swift; sourceTree = "<group>"; };
		D95150A0D489A1CB1DA54B9E /* FileStream.h */ = {isa = PBXFileReference; includeInIndex = 1; lastKnownFileType = sourcecode.c.h; name = FileStream.h; path = CascLib/src/common/FileStream.h; sourceTree = "<group>"; };
		DA4F4F44C601D45F8DCDC6DC /* aes.cpp */ = {isa = PBXFileReference; includeInIndex = 1; lastKnownFileType = sourcecode.cpp.cpp; name = aes.cpp; path = CascLib/src/overwatch/aes.cpp; sourceTree = "<group>"; };
		DB9ED63BC77B8DABADBA8B52 /* sha1.h */ = {isa = PBXFileReference; includeInIndex = 1; lastKnownFileType = sourcecode.c.h; name = sha1.h; path = CascLib/src/hashes/sha1.h; sourceTree = "<group>"; };
		DC8A1F6757D8076C56C7CF02 /* CDNCacheManager.h */ = {isa = PBXFileReference; includeInIndex = 1; lastKnownFileType = sourcecode.c.h; name = CDNCacheManager.h; path = CDNCacheManager.h; sourceTree = "<group>"; };
		DDC871518AA0909451F89C72 /* CascViewerApp.swift */ = {isa = PBXFileReference; includeInIndex = 1; lastKnownFileType = sourcecode.swift; path = CascViewerApp.swift; sourceTree = "<group>"; };
		DE915E0C8899B4E0AC257F43 /* libz.tbd */ = {isa = PBXFileReference; includeInIndex = 1; name = libz.tbd; path = usr/lib/libz.tbd; sourceTree = SDKROOT; };
		DFC33452ACA17436061E5626 /* CascFiles.cpp */ = {isa = PBXFileReference; includeInIndex = 1; lastKnownFileType = sourcecode.cpp.cpp; name = CascFiles.cpp; path = CascLib/src/CascFiles.cpp; sourceTree = "<group>"; };
		E02F76D597B6627F7D920DBE /* CascViewer.app */ = {isa = PBXFileReference; explicitFileType = wrapper.application; includeInIndex = 0; path = CascViewer.app; sourceTree = BUILT_PRODUCTS_DIR; };
		E1A3D15ECB52A3E866FA5B62 /* ChildrenMapTests.swift */ = {isa = PBXFileReference; includeInIndex = 1; lastKnownFileType = sourcecode.swift; path = ChildrenMapTests.swift; sourceTree = "<group>"; };
		E685D742F7529CDB954EF066 /* CascRootFile_Install.cpp */ = {isa = PBXFileReference; includeInIndex = 1; lastKnownFileType = sourcecode.cpp.cpp; name = CascRootFile_Install.cpp; path = CascLib/src/CascRootFile_Install.cpp; sourceTree = "<group>"; };
		EAB5FF31E29C5475FA8FC4BC /* FileTree.h */ = {isa = PBXFileReference; includeInIndex = 1; lastKnownFileType = sourcecode.c.h; name = FileTree.h; path = CascLib/src/common/FileTree.h; sourceTree = "<group>"; };
		ECAC951BA9367B1B54A50B52 /* BLPImageInfo.swift */ = {isa = PBXFileReference; includeInIndex = 1; lastKnownFileType = sourcecode.swift; path = BLPImageInfo.swift; sourceTree = "<group>"; };
		F3407A3868639BD7C2EA268B /* Directory.cpp */ = {isa = PBXFileReference; includeInIndex = 1; lastKnownFileType = sourcecode.cpp.cpp; name = Directory.cpp; path = CascLib/src/common/Directory.cpp; sourceTree = "<group>"; };
		F48A957337D0DA302C31BF54 /* CascRootFile_MNDX.cpp */ = {isa = PBXFileReference; includeInIndex = 1; lastKnownFileType = sourcecode.cpp.cpp; name = CascRootFile_MNDX.cpp; path = CascLib/src/CascRootFile_MNDX.cpp; sourceTree = "<group>"; };
		F805F4E1E7783D486B22281C /* CDNConfigService.swift */ = {isa = PBXFileReference; includeInIndex = 1; lastKnownFileType = sourcecode.swift; path = CDNConfigService.swift; sourceTree = "<group>"; };
		FC5C84A9F2AD07503B530655 /* CascLib.h */ = {isa = PBXFileReference; includeInIndex = 1; lastKnownFileType = sourcecode.c.h; name = CascLib.h; path = CascLib/src/CascLib.h; sourceTree = "<group>"; };
		FF97E7A9848A040719B153D1 /* cmf.cpp */ = {isa = PBXFileReference; includeInIndex = 1; lastKnownFileType = sourcecode.cpp.cpp; name = cmf.cpp; path = CascLib/src/overwatch/cmf.cpp; sourceTree = "<group>"; };
		c1c7d93268ec4530b5e3690592b665bc /* SearchPanelView.swift */ = {isa = PBXFileReference; includeInIndex = 1; lastKnownFileType = sourcecode.swift; path = SearchPanelView.swift; sourceTree = "<group>"; };
		c84b018fbc4d43d8b692b2903f929b2d /* SearchResultTableView.swift */ = {isa = PBXFileReference; includeInIndex = 1; lastKnownFileType = sourcecode.swift; path = SearchResultTableView.swift; sourceTree = "<group>"; };
/* End PBXFileReference section */

/* Begin PBXFrameworksBuildPhase section */
		9D672D123A68986BDF7A9161 /* Frameworks */ = {
			isa = PBXFrameworksBuildPhase;
			buildActionMask = 2147483647;
			files = (
				5E95E0D8C88BC7847CFE36E7 /* Cocoa.framework in Frameworks */,
				51FF2C4CA3B4BD63979EFAEE /* libz.tbd in Frameworks */,
				2EC0D95E05EE9CCA0BE47901 /* libcurl.tbd in Frameworks */,
			);
			runOnlyForDeploymentPostprocessing = 0;
		};
		BF40ADDAA7123031E4FDF0C1 /* Frameworks */ = {
			isa = PBXFrameworksBuildPhase;
			buildActionMask = 2147483647;
			files = (
				DA778C1081073CC588816768 /* Cocoa.framework in Frameworks */,
			);
			runOnlyForDeploymentPostprocessing = 0;
		};
/* End PBXFrameworksBuildPhase section */

/* Begin PBXGroup section */
		08400918A96D5A1C897B3FA8 /* src */ = {
			isa = PBXGroup;
			children = (
				D0BEF00136D44B61844D5F8E /* LocalCascStorage.cpp */,
				4E39B4D1CD21D0464CAA3CE0 /* CDNConfig.cpp */,
				0F540B1A5FC8CBA58ED0AC72 /* CDNCacheManager.cpp */,
				7E6F0F92DB2DF0F0B8A3032F /* CascStorageHandle.cpp */,
				34B2877B55EEFB6DD1DF5284 /* BLPDecoderBridge.cpp */,
			);
			name = src;
			path = src;
			sourceTree = "<group>";
		};
		0B9CF068F2FCB597BC499CC6 /* Models */ = {
			isa = PBXGroup;
			children = (
				D64CBA4CA5E2320E67611535 /* CASCFileEntry.swift */,
				0B0D2D299F11CC119072C346 /* CASCStorageInfo.swift */,
				44051960FF9179CDDB79AA39 /* CASCError.swift */,
				ECAC951BA9367B1B54A50B52 /* BLPImageInfo.swift */,
				5028BB24E307C519C0130E0E /* CDNProduct.swift */,
			);
			name = Models;
			path = Models;
			sourceTree = "<group>";
		};
		1ACDB31B1FB8AE2968F3C393 /* Services */ = {
			isa = PBXGroup;
			children = (
				0EAF6700599D831770C9F3C8 /* CASCStorageService.swift */,
				2761450A441A10DA77FEBF86 /* CASCSearchService.swift */,
				DCFBFBFAED73D4521A472ACE /* LocalizationManager.swift */ ,
				D201A7934AC3A3D661C6CB4C /* CASCExtractService.swift */,
				0080CDFEC7BC5E29ED5C8AD0 /* BLPDecoderCoordinator.swift */,
				F805F4E1E7783D486B22281C /* CDNConfigService.swift */,
				2458F6C63AF9557BC2D751E0 /* CascBridge+Sendable.swift */,
				B8DA7A45CD285A674BDEFCCF /* CDNProductService.swift */,
			);
			name = Services;
			path = Services;
			sourceTree = "<group>";
		};
		26278EF14078FEDD38E78BB7 = {
			isa = PBXGroup;
			children = (
				DCFCD7D5608529E715B0210C /* Products */,
				6848B678D6B0DFE9C03C0649 /* Frameworks */,
				4EEA17C9D9AE01DE53EEA192 /* CascViewer */,
				77925DAAF85B93C1321224E8 /* CascViewerTests */,
				FB5EFF0FAA82854690727308 /* CascLib */,
			);
			sourceTree = "<group>";
		};
		28AFBA00D9B9E8A46552E5CE /* MainWindow */ = {
			isa = PBXGroup;
			children = (
				5B6BCE37A9280E35F34F1154 /* MainWindowView.swift */,
				7E998AAA1637F02BDB222B4F26B286AF /* ToolbarView.swift */,
				78FB51A989637293953B7DA528A8544D /* StatusBarView.swift */,
				9BE656CB5D129E14AC64E4BE /* OnlineStorageView.swift */,
				1D87F00A234D8CE030EBEB88 /* OnlineStorageWindowController.swift */,
			);
			name = MainWindow;
			path = MainWindow;
			sourceTree = "<group>";
		};
		310AC8A08F6C5A302BE829E7 /* InstallManifest */ = {
			isa = PBXGroup;
			children = (
				1292BF0F06C253DC91DA157E /* InstallManifestView.swift */,
				AD4A290F57E72A0CB0CD58E5 /* InstallManifestTableView.swift */ ,
				F6CC545C0DE32694850407E0 /* InstallManifestEntryDetailView.swift */ ,
				F5E9355006C48354EBD7283F /* InstallManifestExportSheet.swift */ ,
				203BA01A02EBC8DEC2462D73 /* InstallManifestWindowController.swift */,
			);
			name = InstallManifest;
			path = InstallManifest;
			sourceTree = "<group>";
		};
		4EC8D351CC474622DDF2A948 /* BLPViewer */ = {
			isa = PBXGroup;
			children = (
				A1B2C3D4E5F6789012345678ABCDEF01 /* BLPViewerWindow.swift */,
				B2C3D4E5F6789012345678ABCDEF0123 /* BLPViewerView.swift */,
				C3D4E5F6789012345678ABCDEF012345 /* BLPAnimationControls.swift */,
				D4E5F6789012345678ABCDEF01234567 /* BLPMipMapSelector.swift */,
			);
			name = BLPViewer;
			path = BLPViewer;
			sourceTree = "<group>";
		};
		4EEA17C9D9AE01DE53EEA192 /* CascViewer */ = {
			isa = PBXGroup;
			children = (
				DA9CEB9624B9C31ED4DF04CD /* App */,
				5633E8CE63E8D14749023205 /* Core */,
				E4DD781E5701B94DE5A1B3A5 /* UI */,
				BC73DA8C1D5E01FC7AC20574 /* Resources */,
			);
			name = CascViewer;
			path = CascViewer;
			sourceTree = "<group>";
		};
		52876911EFB6B64D630AE9C3 /* Search */ = {
			isa = PBXGroup;
			children = (
				5a48b6ac88544c778ba18d917fa129ef /* SearchWindowController.swift */,
				c84b018fbc4d43d8b692b2903f929b2d /* SearchResultTableView.swift */,
				c1c7d93268ec4530b5e3690592b665bc /* SearchPanelView.swift */,
			);
			name = Search;
			path = Search;
			sourceTree = "<group>";
		};
		5633E8CE63E8D14749023205 /* Core */ = {
			isa = PBXGroup;
			children = (
				81EC0ECE6621CE70FBAA2E98 /* CASCBridge */,
				1ACDB31B1FB8AE2968F3C393 /* Services */,
				0B9CF068F2FCB597BC499CC6 /* Models */,
			);
			name = Core;
			path = Core;
			sourceTree = "<group>";
		};
		5E639AB885FD9E5942EA68F5 /* zh-Hans.lproj */ = {
			isa = PBXGroup;
			children = (
				B9578B46AAD3571DDD3649BD /* Localizable.strings */,
			);
			name = "zh-Hans.lproj";
			sourceTree = "<group>";
		};
		6848B678D6B0DFE9C03C0649 /* Frameworks */ = {
			isa = PBXGroup;
			children = (
				900AED00E1A39E66BC68C16B /* OS X */,
				DE915E0C8899B4E0AC257F43 /* libz.tbd */,
				1AA2D4B030A2E2A07F7D82C4 /* libcurl.tbd */,
			);
			name = Frameworks;
			sourceTree = "<group>";
		};
		77925DAAF85B93C1321224E8 /* CascViewerTests */ = {
			isa = PBXGroup;
			children = (
				AFE966467010291B97D25EFC /* CascViewerTests.swift */,
				30CF441EFCAA4921BCA96139 /* BridgeTests.swift */,
				A7ACAD71F179479399D317B5 /* ServiceTests.swift */,
				7B49513BF7A5406AAAD097452DF39E98 /* IntegrationTests.swift */,
				3F0CE6201AD76D5461554E67 /* Info.plist */,
				E1A3D15ECB52A3E866FA5B62 /* ChildrenMapTests.swift */,
				05E59819253EFC49AE0D6ECD /* SearchParserTests.swift */,
				C53A74B49F92CA270158001F /* SearchPreviewTests.swift */,
				6B3884ED075B3207805D9031 /* AppSettingsTests.swift */,
			);
			name = CascViewerTests;
			path = CascViewerTests;
			sourceTree = "<group>";
		};
		81EC0ECE6621CE70FBAA2E98 /* CASCBridge */ = {
			isa = PBXGroup;
			children = (
				D84338248434269F32594FAD /* include */,
				08400918A96D5A1C897B3FA8 /* src */,
			);
			name = CASCBridge;
			path = CASCBridge;
			sourceTree = "<group>";
		};
		900AED00E1A39E66BC68C16B /* OS X */ = {
			isa = PBXGroup;
			children = (
				65A12BF1D648414026DAF157 /* Cocoa.framework */,
			);
			name = "OS X";
			sourceTree = "<group>";
		};
		952931FFD7A7D0C9C3E055E5 /* Common */ = {
			isa = PBXGroup;
			children = (
			);
			name = Common;
			path = Common;
			sourceTree = "<group>";
		};
		BC73DA8C1D5E01FC7AC20574 /* Resources */ = {
			isa = PBXGroup;
			children = (
				0F1CC7D58B59DC3D8363D661 /* Assets.xcassets */,
				B1DB78AD7C1635C26329BCA1 /* Info.plist */,
				D0081FF760214BFDF7BEA061 /* en.lproj */,
				5E639AB885FD9E5942EA68F5 /* zh-Hans.lproj */,
			);
			name = Resources;
			path = Resources;
			sourceTree = "<group>";
		};
		CF2002F63384C458183DDD5D /* FileBrowser */ = {
			isa = PBXGroup;
			children = (
				09735D48B9B53C7CD4B0B5A385536583 /* FileTreeView.swift */,
				9DE766F954D9B014A10A4A372929444F /* FileListView.swift */,
				1CE0B9866ABEC28A52AD9DA460D84BA2 /* FilePreviewPanel.swift */,
				1A8215F4B2E848028DCC8338D668EE63 /* ExtractDialogView.swift */,
			);
			name = FileBrowser;
			path = FileBrowser;
			sourceTree = "<group>";
		};
		D0081FF760214BFDF7BEA061 /* en.lproj */ = {
			isa = PBXGroup;
			children = (
				001E70D407C4FABF23E7468A /* Localizable.strings */,
			);
			name = en.lproj;
			sourceTree = "<group>";
		};
		D84338248434269F32594FAD /* include */ = {
			isa = PBXGroup;
			children = (
				0ECCA4827CA34CBCAB734CEC /* LocalCascStorage.h */,
				5E278F1A5538DC74DE9FB809 /* CDNConfig.h */,
				DC8A1F6757D8076C56C7CF02 /* CDNCacheManager.h */,
				949C138BD29B48E3BF45E2BB /* CascTypes.h */,
				913887CF8806424486C7A879 /* CascStorage.h */,
				7919BC70D0C30EC250BB9F0A /* CascBridgeUmbrella.h */,
				98C756FB951AF7428DA31190 /* CascStorageHandle.h */,
			);
			name = include;
			path = include;
			sourceTree = "<group>";
		};
		DA9CEB9624B9C31ED4DF04CD /* App */ = {
			isa = PBXGroup;
			children = (
				DDC871518AA0909451F89C72 /* CascViewerApp.swift */,
				9D10EBED085E4B4286FDD9D9 /* AppState.swift */,
				60F82CEB2DCB30634960BFAD /* AppSettings.swift */ ,
			);
			name = App;
			path = App;
			sourceTree = "<group>";
		};
		DCFCD7D5608529E715B0210C /* Products */ = {
			isa = PBXGroup;
			children = (
				E02F76D597B6627F7D920DBE /* CascViewer.app */,
				9DAFFCFDEF255B1550EC271E /* CascViewerTests.xctest */,
			);
			name = Products;
			sourceTree = "<group>";
		};
		E4DD781E5701B94DE5A1B3A5 /* UI */ = {
			isa = PBXGroup;
			children = (
				28AFBA00D9B9E8A46552E5CE /* MainWindow */,
				CF2002F63384C458183DDD5D /* FileBrowser */,
				52876911EFB6B64D630AE9C3 /* Search */,
				4EC8D351CC474622DDF2A948 /* BLPViewer */,
				952931FFD7A7D0C9C3E055E5 /* Common */,
				310AC8A08F6C5A302BE829E7 /* InstallManifest */,
			);
			name = UI;
			path = UI;
			sourceTree = "<group>";
		};
		FB5EFF0FAA82854690727308 /* CascLib */ = {
			isa = PBXGroup;
			children = (
				C407F73545CE66D9E086A335 /* Common.cpp */,
				F3407A3868639BD7C2EA268B /* Directory.cpp */,
				903A6074953CCD3D24F4EB65 /* Csv.cpp */,
				163D27D9001ABE92A4C87117 /* FileStream.cpp */,
				13EE8E2EAF607AFE5380A534 /* FileTree.cpp */,
				A71329496ECA91E09CBC2223 /* ListFile.cpp */,
				23607A5F1D7C0F155E14B24B /* Mime.cpp */,
				3C5DC5E6A96CAE5935AABAF4 /* RootHandler.cpp */,
				B7EB086980673D41B0CBF8AB /* Sockets.cpp */,
				514472C8EC4C506706F46690 /* md5.cpp */,
				552F10D7E0DF7836BBDB395D /* sha1.cpp */,
				2B321136423FAF8FC571698A /* lookup3.c */,
				BCAA1FA5080793E0EB87FF18 /* apm.cpp */,
				FF97E7A9848A040719B153D1 /* cmf.cpp */,
				65026C1A98250F8A0A5275C9 /* cmf-key.cpp */,
				DA4F4F44C601D45F8DCDC6DC /* aes.cpp */,
				6C289CDBB7ED62A067619C29 /* CascDecompress.cpp */,
				C7B3993B5DD2B9BAB97089B8 /* CascDecrypt.cpp */,
				91A4C1B8FCD866FBF6F8A446 /* CascDumpData.cpp */,
				DFC33452ACA17436061E5626 /* CascFiles.cpp */,
				4947D00BC8F1B6A93F86FD8F /* CascFindFile.cpp */,
				C76566A5C1EFA2D1F14473CD /* CascIndexFiles.cpp */,
				6456A97D7F3B22F851619C83 /* CascOpenFile.cpp */,
				67562BD9B2A0706D6DF74178 /* CascOpenStorage.cpp */,
				343D3D1253E74997181CF840 /* CascReadFile.cpp */,
				821951C36FC08A869EADC182 /* CascRootFile_Diablo3.cpp */,
				E685D742F7529CDB954EF066 /* CascRootFile_Install.cpp */,
				F48A957337D0DA302C31BF54 /* CascRootFile_MNDX.cpp */,
				5D8E54A9B51444C8E39402BA /* CascRootFile_Text.cpp */,
				20D05AD073882AA3AE97A8F7 /* CascRootFile_TVFS.cpp */,
				99179986A1B6D057F25FDE88 /* CascRootFile_OW.cpp */,
				573143E92267442F4D7B6A98 /* CascRootFile_WoW.cpp */,
				C8E915AE3C262778DFA024E9 /* CascCommon.h */,
				FC5C84A9F2AD07503B530655 /* CascLib.h */,
				9A54EC3617391F1161024B73 /* CascPort.h */,
				64FC4685DB07B929A3E1077A /* CascStructs.h */,
				C6D8D142ED589A28C7CB49F2 /* Array.h */,
				0CC9B29BD5D0439390006776 /* ArraySparse.h */,
				278A09974B745D208E54D7D8 /* Common.h */,
				1167740686BF24CB9E179A46 /* Csv.h */,
				D33DFA9266FEAD8F207D433F /* Directory.h */,
				D95150A0D489A1CB1DA54B9E /* FileStream.h */,
				EAB5FF31E29C5475FA8FC4BC /* FileTree.h */,
				D0836201F1A4827AFEC15BE6 /* IndexMap.h */,
				83CB9F9F03DDE013788A95F7 /* ListFile.h */,
				9EAA813064588827985FFDA2 /* Map.h */,
				50C1780ED047054296A0784E /* Mime.h */,
				1E6BDD2FE92B775AD3157BD4 /* Path.h */,
				75500683DAEB073431CF1602 /* RootHandler.h */,
				43DC46B47C216703772EFD6C /* Sockets.h */,
				A8FEB22D1DEEB4FF00E64B06 /* lookup.h */,
				0D92554856EB259EF384EE77 /* md5.h */,
				DB9ED63BC77B8DABADBA8B52 /* sha1.h */,
				56197109DDE0EDDE98940B70 /* aes.h */,
				790C1485CDB6765BA5B123FE /* aes_local.h */,
				A7D133EEFE591AC22BE06B4C /* overwatch.h */,
			);
			name = CascLib;
			sourceTree = "<group>";
		};
/* End PBXGroup section */

/* Begin PBXNativeTarget section */
		940BFD6D6B55C0AC224C88A7 /* CascViewer */ = {
			isa = PBXNativeTarget;
			buildConfigurationList = 1AE9EB794236EB055B17ADE7 /* Build configuration list for PBXNativeTarget "CascViewer" */;
			buildPhases = (
				3DF31FFBBF1B949A36A3C8D2 /* Sources */,
				9D672D123A68986BDF7A9161 /* Frameworks */,
				9D603BC426F047F9084CE107 /* Resources */,
			);
			buildRules = (
			);
			dependencies = (
			);
			name = CascViewer;
			productName = CascViewer;
			productReference = E02F76D597B6627F7D920DBE /* CascViewer.app */;
			productType = "com.apple.product-type.application";
		};
		BCE6647AB501BE16FE8A9895 /* CascViewerTests */ = {
			isa = PBXNativeTarget;
			buildConfigurationList = 5687AAE4575D4634E3E72808 /* Build configuration list for PBXNativeTarget "CascViewerTests" */;
			buildPhases = (
				8FEB75D5E6DCE17D4E7F8D83 /* Sources */,
				BF40ADDAA7123031E4FDF0C1 /* Frameworks */,
				35008782AF7D4438C2AB9EE3 /* Resources */,
			);
			buildRules = (
			);
			dependencies = (
				7B12D67274063E8B8857E975 /* PBXTargetDependency */,
			);
			name = CascViewerTests;
			productName = CascViewerTests;
			productReference = 9DAFFCFDEF255B1550EC271E /* CascViewerTests.xctest */;
			productType = "com.apple.product-type.bundle.unit-test";
		};
/* End PBXNativeTarget section */

/* Begin PBXProject section */
		32D2DC30BA1B1A342192574A /* Project object */ = {
			isa = PBXProject;
			attributes = {
				LastSwiftUpdateCheck = 1600;
				LastUpgradeCheck = 1600;
			};
			buildConfigurationList = 7C81AB148F6E7D6C5C8B8712 /* Build configuration list for PBXProject "CascViewer" */;
			compatibilityVersion = "Xcode 3.2";
			developmentRegion = en;
			hasScannedForEncodings = 0;
			knownRegions = (
				en,
				Base,
			);
			mainGroup = 26278EF14078FEDD38E78BB7;
			minimizedProjectReferenceProxies = 0;
			preferredProjectObjectVersion = 77;
			productRefGroup = DCFCD7D5608529E715B0210C /* Products */;
			projectDirPath = "";
			projectRoot = "";
			targets = (
				940BFD6D6B55C0AC224C88A7 /* CascViewer */,
				BCE6647AB501BE16FE8A9895 /* CascViewerTests */,
			);
		};
/* End PBXProject section */

/* Begin PBXResourcesBuildPhase section */
		35008782AF7D4438C2AB9EE3 /* Resources */ = {
			isa = PBXResourcesBuildPhase;
			buildActionMask = 2147483647;
			files = (
			);
			runOnlyForDeploymentPostprocessing = 0;
		};
		9D603BC426F047F9084CE107 /* Resources */ = {
			isa = PBXResourcesBuildPhase;
			buildActionMask = 2147483647;
			files = (
				D5E1827D062484478F8E4332 /* Assets.xcassets in Resources */,
				EA4867FD974BCE4332E163AD /* Localizable.strings in Resources */,
				6F8F6D1395942D273BE9A9ED /* Localizable.strings in Resources */,
			);
			runOnlyForDeploymentPostprocessing = 0;
		};
/* End PBXResourcesBuildPhase section */

/* Begin PBXSourcesBuildPhase section */
		3DF31FFBBF1B949A36A3C8D2 /* Sources */ = {
			isa = PBXSourcesBuildPhase;
			buildActionMask = 2147483647;
			files = (
				02FF2989C83AE287D1D90A5D /* CascViewerApp.swift in Sources */,
				B3CFC4C0A529025B4BC55DCB /* AppState.swift in Sources */,
				74C21186E885D92B510B089E /* AppSettings.swift in Sources */ ,
				172E6E146C2A14931A56F7FF /* MainWindowView.swift in Sources */,
				55A1A7B2DFFE07299CACDE22 /* CASCStorageService.swift in Sources */,
				8D8E1147AE582A1F71956949 /* Common.cpp in Sources */,
				424ABEEC87C920DAAC4B4E5A /* Directory.cpp in Sources */,
				B6A2628E1AB1979CD0118AB5 /* Csv.cpp in Sources */,
				CEB5629AE8F0117EBEFC072C /* FileStream.cpp in Sources */,
				BC39F5663F558DC4888266E1 /* FileTree.cpp in Sources */,
				7DF6A5C45692C2B8C08D2969 /* ListFile.cpp in Sources */,
				F5F10E6FDD4971F4513ECB3D /* Mime.cpp in Sources */,
				53B3774597432B71EAF87108 /* RootHandler.cpp in Sources */,
				4AA258605695FB01E746E1B3 /* Sockets.cpp in Sources */,
				CB7D493FFB970DB98CDCF788 /* md5.cpp in Sources */,
				B6CBA3311C5A32B894703F94 /* sha1.cpp in Sources */,
				EF24B13E19DDCF616FE63FF6 /* lookup3.c in Sources */,
				DF57FEABB555D9FCC555C5CD /* apm.cpp in Sources */,
				A1711B9E4C58F33355DE0A89 /* cmf.cpp in Sources */,
				F82B9B63F9F175BB716E67A1 /* aes.cpp in Sources */,
				CC27540714E29CA130EE9D2F /* CascDecompress.cpp in Sources */,
				6684747161DAFF1508B89607 /* CascDecrypt.cpp in Sources */,
				9221E9AB5DB11F08CA124134 /* CascDumpData.cpp in Sources */,
				25B9B34C3912FEEF2E00BD28 /* CascFiles.cpp in Sources */,
				A523C08217354268DEEC09C5 /* CascFindFile.cpp in Sources */,
				83D4FDD835ED3EC9ABFC68A6 /* CascIndexFiles.cpp in Sources */,
				8733DAC65D4C0E31DE3E2B77 /* CascOpenFile.cpp in Sources */,
				F6767672290F47B5453CD517 /* CascOpenStorage.cpp in Sources */,
				A5AA332C62E60E36005607F6 /* CascReadFile.cpp in Sources */,
				529BF5E678F2BD950A440D88 /* CascRootFile_Diablo3.cpp in Sources */,
				01556AE5F71A5D284F8B8DAD /* CascRootFile_Install.cpp in Sources */,
				9D7760B822B15675792546BB /* CascRootFile_MNDX.cpp in Sources */,
				CD25F0AEB1212D5E1ED59ACA /* CascRootFile_Text.cpp in Sources */,
				BDD431DF64EF2F8D373EA6B8 /* CascRootFile_TVFS.cpp in Sources */,
				F36C9645ACD6ABC997C3A2B3 /* CascRootFile_OW.cpp in Sources */,
				197B1B4D2CA41F96379ABBC4 /* CascRootFile_WoW.cpp in Sources */,
				5F9295D1028D4284A77CCD04 /* LocalCascStorage.cpp in Sources */,
				C1A0EBD11DE92127659B3300 /* CDNConfig.cpp in Sources */,
				B2B43A90C034F9B9E4A4B09B /* CDNCacheManager.cpp in Sources */,
				8B9FFD4DA9F78665A98B9987 /* CascStorageHandle.cpp in Sources */,
				745F71D8BA82A40EBC6D2B0C /* CASCSearchService.swift in Sources */,
				5CD38ABCA564158A22A877BA /* LocalizationManager.swift in Sources */ ,
				D505C329C595D3C0907A8388 /* CASCExtractService.swift in Sources */,
				06A83327074E651AD8980A84 /* BLPDecoderCoordinator.swift in Sources */,
				E382BD244FF12FB87B867307 /* CDNConfigService.swift in Sources */,
				5EC3A512D07F6354CF6B6F69 /* CASCFileEntry.swift in Sources */,
				4D15C10CC39F79093455C089 /* CASCStorageInfo.swift in Sources */,
				AFFE10EAE618391FADB5F697 /* CASCError.swift in Sources */,
				39D9B3484F0602C4D0C0AD0B /* BLPImageInfo.swift in Sources */,
				53402D15180DB908F43C3BE9 /* BLPDecoderBridge.cpp in Sources */,
				35FD3BB8F88FC22459CA8A23 /* CascBridge+Sendable.swift in Sources */,
				037A470504DB30EFFCACF80F45F52C0B /* ToolbarView.swift in Sources */,
				BC667D0E6B33C558ABE3ECBEA2E0C8C5 /* StatusBarView.swift in Sources */,
				74EE42895653FED52D9F0337C6DAADEE /* FileTreeView.swift in Sources */,
				9353117A4C9C9675F7827DEA28AA0032 /* FileListView.swift in Sources */,
				462578381ED52C1C7CF09D6739A38542 /* FilePreviewPanel.swift in Sources */,
				90A4C1DB5D644463A144BB3C132F7863 /* ExtractDialogView.swift in Sources */,
				bded554361194cb1820bb7a599abbaaf /* SearchResultTableView.swift in Sources */,
				8e3acd0a4d954c76b0cc3eba7fbd7119 /* SearchWindowController.swift in Sources */,
				61cc49ff07334b63a1f9de517f83efda /* SearchPanelView.swift in Sources */,
				E5F6789012345678ABCDEF0123456789 /* BLPViewerWindow.swift in Sources */,
				F6789012345678ABCDEF0123456789AB /* BLPViewerView.swift in Sources */,
				6789012345678ABCDEF0123456789ABC /* BLPAnimationControls.swift in Sources */,
				789012345678ABCDEF0123456789ABCD /* BLPMipMapSelector.swift in Sources */,
				5797E3E1AB3A7D429B5C04CF /* OnlineStorageView.swift in Sources */,
				0BADAAEC3C84D033D5264282 /* CDNProduct.swift in Sources */,
				F30AA302032A81ABA1CA7ED2 /* CDNProductService.swift in Sources */,
				8593A63AE5F820BFD2C16B1E /* OnlineStorageWindowController.swift in Sources */,
				BE5C2E1686F1FD23E21B24C2 /* InstallManifestView.swift in Sources */,
				CC9D6442C53CDE8DBC3AC8A7 /* InstallManifestTableView.swift in Sources */ ,
				AE634EE7C8A0FBFD9A128E34 /* InstallManifestEntryDetailView.swift in Sources */ ,
				3D0A6EAEC614C46E103C56AF /* InstallManifestExportSheet.swift in Sources */ ,
				2D93B78694FC7A98E3F63545 /* InstallManifestWindowController.swift in Sources */,
			);
			runOnlyForDeploymentPostprocessing = 0;
		};
		8FEB75D5E6DCE17D4E7F8D83 /* Sources */ = {
			isa = PBXSourcesBuildPhase;
			buildActionMask = 2147483647;
			files = (
				27FE348AC978ACE4040B10F6 /* CascViewerTests.swift in Sources */,
				308B59ECC23544008EF5FA04 /* BridgeTests.swift in Sources */,
				3FC64AAADCAC494DBC9CD0BB /* ServiceTests.swift in Sources */,
				A4362CE38EE34B8B9FDACA56261F029F /* IntegrationTests.swift in Sources */,
				3B9267AB2BDDE21301D7B864 /* ChildrenMapTests.swift in Sources */,
				4831170CF5118AC5F7332C7D /* SearchParserTests.swift in Sources */,
				4D51AB860D38CFB17FD78A82 /* SearchPreviewTests.swift in Sources */,
				2A3A8BBC5F5C013D873E2828 /* AppSettingsTests.swift in Sources */,
			);
			runOnlyForDeploymentPostprocessing = 0;
		};
/* End PBXSourcesBuildPhase section */

/* Begin PBXTargetDependency section */
		7B12D67274063E8B8857E975 /* PBXTargetDependency */ = {
			isa = PBXTargetDependency;
			name = CascViewer;
			target = 940BFD6D6B55C0AC224C88A7 /* CascViewer */;
			targetProxy = 6A6444D9DB7B7B9016A8E586 /* PBXContainerItemProxy */;
		};
/* End PBXTargetDependency section */

/* Begin XCBuildConfiguration section */
		300C82D7B91B60B7C58FAD72 /* Debug */ = {
			isa = XCBuildConfiguration;
			buildSettings = {
				ARCHS = "$(ARCHS_STANDARD)";
				ASSETCATALOG_COMPILER_APPICON_NAME = AppIcon;
				ASSETCATALOG_COMPILER_GLOBAL_ACCENT_COLOR_NAME = AccentColor;
				CLANG_CXX_LANGUAGE_STANDARD = "c++23";
				COMBINE_HIDPI_IMAGES = YES;
				GCC_PREPROCESSOR_DEFINITIONS = (
					"$(inherited)",
					CASCLIB_NO_AUTO_LINK_LIBRARY,
					CASCLIB_NODEBUG,
					CASC_USE_SYSTEM_ZLIB,
				);
				GENERATE_INFOPLIST_FILE = NO;
				HEADER_SEARCH_PATHS = (
					"$(inherited)",
					"$(SRCROOT)/CascViewer/Core/CASCBridge/include",
					"$(SRCROOT)/CascLib/src",
				);
				INFOPLIST_FILE = CascViewer/Resources/Info.plist;
				LD_RUNPATH_SEARCH_PATHS = "$(inherited) @executable_path/../Frameworks";
				MACOSX_DEPLOYMENT_TARGET = 13.0;
				OTHER_CPLUSPLUSFLAGS = "$(inherited)";
				OTHER_SWIFT_FLAGS = "$(inherited) -I$(SRCROOT)/CascViewer/Core/CASCBridge/include";
				PRODUCT_BUNDLE_IDENTIFIER = com.cascviewer.CascViewer;
				SDKROOT = macosx;
				SWIFT_BRIDGING_HEADER = "CascViewer/CascViewer-Bridging-Header.h";
				SWIFT_EMIT_LOC_STRINGS = YES;
				SWIFT_OBJC_INTEROP_MODE = objcxx;
				SWIFT_VERSION = 5.9;
			};
			name = Debug;
		};
		50399C807CD4DD6372A2A4CF /* Debug */ = {
			isa = XCBuildConfiguration;
			buildSettings = {
				ALWAYS_SEARCH_USER_PATHS = NO;
				CLANG_ANALYZER_NONNULL = YES;
				CLANG_ANALYZER_NUMBER_OBJECT_CONVERSION = YES_AGGRESSIVE;
				CLANG_CXX_LANGUAGE_STANDARD = "c++23";
				CLANG_CXX_LIBRARY = "libc++";
				CLANG_ENABLE_MODULES = YES;
				CLANG_ENABLE_OBJC_ARC = YES;
				CLANG_ENABLE_OBJC_WEAK = YES;
				CLANG_WARN_BLOCK_CAPTURE_AUTORELEASING = YES;
				CLANG_WARN_BOOL_CONVERSION = YES;
				CLANG_WARN_COMMA = YES;
				CLANG_WARN_CONSTANT_CONVERSION = YES;
				CLANG_WARN_DEPRECATED_OBJC_IMPLEMENTATIONS = YES;
				CLANG_WARN_DIRECT_OBJC_ISA_USAGE = YES_ERROR;
				CLANG_WARN_DOCUMENTATION_COMMENTS = YES;
				CLANG_WARN_EMPTY_BODY = YES;
				CLANG_WARN_ENUM_CONVERSION = YES;
				CLANG_WARN_INFINITE_RECURSION = YES;
				CLANG_WARN_INT_CONVERSION = YES;
				CLANG_WARN_NON_LITERAL_NULL_CONVERSION = YES;
				CLANG_WARN_OBJC_IMPLICIT_RETAIN_SELF = YES;
				CLANG_WARN_OBJC_LITERAL_CONVERSION = YES;
				CLANG_WARN_OBJC_ROOT_CLASS = YES_ERROR;
				CLANG_WARN_QUOTED_INCLUDE_IN_FRAMEWORK_HEADER = YES;
				CLANG_WARN_RANGE_LOOP_ANALYSIS = YES;
				CLANG_WARN_STRICT_PROTOTYPES = YES;
				CLANG_WARN_SUSPICIOUS_MOVE = YES;
				CLANG_WARN_UNGUARDED_AVAILABILITY = YES_AGGRESSIVE;
				CLANG_WARN_UNREACHABLE_CODE = YES;
				CLANG_WARN__DUPLICATE_METHOD_MATCH = YES;
				COPY_PHASE_STRIP = NO;
				DEBUG_INFORMATION_FORMAT = dwarf;
				ENABLE_STRICT_OBJC_MSGSEND = YES;
				ENABLE_TESTABILITY = YES;
				GCC_C_LANGUAGE_STANDARD = gnu11;
				GCC_DYNAMIC_NO_PIC = NO;
				GCC_NO_COMMON_BLOCKS = YES;
				GCC_OPTIMIZATION_LEVEL = 0;
				GCC_PREPROCESSOR_DEFINITIONS = (
					"DEBUG=1",
					"$(inherited)",
				);
				GCC_WARN_64_TO_32_BIT_CONVERSION = YES;
				GCC_WARN_ABOUT_RETURN_TYPE = YES_ERROR;
				GCC_WARN_UNDECLARED_SELECTOR = YES;
				GCC_WARN_UNINITIALIZED_AUTOS = YES_AGGRESSIVE;
				GCC_WARN_UNUSED_FUNCTION = YES;
				GCC_WARN_UNUSED_VARIABLE = YES;
				MACOSX_DEPLOYMENT_TARGET = 13.0;
				MTL_ENABLE_DEBUG_INFO = INCLUDE_SOURCE;
				MTL_FAST_MATH = YES;
				ONLY_ACTIVE_ARCH = YES;
				PRODUCT_NAME = "$(TARGET_NAME)";
				SWIFT_ACTIVE_COMPILATION_CONDITIONS = DEBUG;
				SWIFT_OPTIMIZATION_LEVEL = "-Onone";
				SWIFT_VERSION = 5.9;
			};
			name = Debug;
		};
		5D56CFEC4DDA752783F309B6 /* Release */ = {
			isa = XCBuildConfiguration;
			buildSettings = {
				ALWAYS_SEARCH_USER_PATHS = NO;
				CLANG_ANALYZER_NONNULL = YES;
				CLANG_ANALYZER_NUMBER_OBJECT_CONVERSION = YES_AGGRESSIVE;
				CLANG_CXX_LANGUAGE_STANDARD = "c++23";
				CLANG_CXX_LIBRARY = "libc++";
				CLANG_ENABLE_MODULES = YES;
				CLANG_ENABLE_OBJC_ARC = YES;
				CLANG_ENABLE_OBJC_WEAK = YES;
				CLANG_WARN_BLOCK_CAPTURE_AUTORELEASING = YES;
				CLANG_WARN_BOOL_CONVERSION = YES;
				CLANG_WARN_COMMA = YES;
				CLANG_WARN_CONSTANT_CONVERSION = YES;
				CLANG_WARN_DEPRECATED_OBJC_IMPLEMENTATIONS = YES;
				CLANG_WARN_DIRECT_OBJC_ISA_USAGE = YES_ERROR;
				CLANG_WARN_DOCUMENTATION_COMMENTS = YES;
				CLANG_WARN_EMPTY_BODY = YES;
				CLANG_WARN_ENUM_CONVERSION = YES;
				CLANG_WARN_INFINITE_RECURSION = YES;
				CLANG_WARN_INT_CONVERSION = YES;
				CLANG_WARN_NON_LITERAL_NULL_CONVERSION = YES;
				CLANG_WARN_OBJC_IMPLICIT_RETAIN_SELF = YES;
				CLANG_WARN_OBJC_LITERAL_CONVERSION = YES;
				CLANG_WARN_OBJC_ROOT_CLASS = YES_ERROR;
				CLANG_WARN_QUOTED_INCLUDE_IN_FRAMEWORK_HEADER = YES;
				CLANG_WARN_RANGE_LOOP_ANALYSIS = YES;
				CLANG_WARN_STRICT_PROTOTYPES = YES;
				CLANG_WARN_SUSPICIOUS_MOVE = YES;
				CLANG_WARN_UNGUARDED_AVAILABILITY = YES_AGGRESSIVE;
				CLANG_WARN_UNREACHABLE_CODE = YES;
				CLANG_WARN__DUPLICATE_METHOD_MATCH = YES;
				COPY_PHASE_STRIP = NO;
				DEBUG_INFORMATION_FORMAT = "dwarf-with-dsym";
				ENABLE_NS_ASSERTIONS = NO;
				ENABLE_STRICT_OBJC_MSGSEND = YES;
				GCC_C_LANGUAGE_STANDARD = gnu11;
				GCC_NO_COMMON_BLOCKS = YES;
				GCC_WARN_64_TO_32_BIT_CONVERSION = YES;
				GCC_WARN_ABOUT_RETURN_TYPE = YES_ERROR;
				GCC_WARN_UNDECLARED_SELECTOR = YES;
				GCC_WARN_UNINITIALIZED_AUTOS = YES_AGGRESSIVE;
				GCC_WARN_UNUSED_FUNCTION = YES;
				GCC_WARN_UNUSED_VARIABLE = YES;
				MACOSX_DEPLOYMENT_TARGET = 13.0;
				MTL_ENABLE_DEBUG_INFO = NO;
				MTL_FAST_MATH = YES;
				PRODUCT_NAME = "$(TARGET_NAME)";
				SWIFT_COMPILATION_MODE = wholemodule;
				SWIFT_OPTIMIZATION_LEVEL = "-O";
				SWIFT_VERSION = 5.9;
			};
			name = Release;
		};
		7EA7F094CCD521DD3142083E /* Debug */ = {
			isa = XCBuildConfiguration;
			buildSettings = {
				BUNDLE_LOADER = "$(TEST_HOST)";
				GENERATE_INFOPLIST_FILE = NO;
				INFOPLIST_FILE = CascViewerTests/Info.plist;
				LD_RUNPATH_SEARCH_PATHS = "$(inherited) @executable_path/../Frameworks @loader_path/../Frameworks";
				MACOSX_DEPLOYMENT_TARGET = 13.0;
				PRODUCT_BUNDLE_IDENTIFIER = com.cascviewer.CascViewerTests;
				SDKROOT = macosx;
				SWIFT_OBJC_INTEROP_MODE = objcxx;
				SWIFT_VERSION = 5.9;
				TEST_HOST = "$(BUILT_PRODUCTS_DIR)/CascViewer.app/Contents/MacOS/CascViewer";
			};
			name = Debug;
		};
		9A40D9DC7509D8E3D4C72DDD /* Release */ = {
			isa = XCBuildConfiguration;
			buildSettings = {
				BUNDLE_LOADER = "$(TEST_HOST)";
				GENERATE_INFOPLIST_FILE = NO;
				INFOPLIST_FILE = CascViewerTests/Info.plist;
				LD_RUNPATH_SEARCH_PATHS = "$(inherited) @executable_path/../Frameworks @loader_path/../Frameworks";
				MACOSX_DEPLOYMENT_TARGET = 13.0;
				PRODUCT_BUNDLE_IDENTIFIER = com.cascviewer.CascViewerTests;
				SDKROOT = macosx;
				SWIFT_OBJC_INTEROP_MODE = objcxx;
				SWIFT_VERSION = 5.9;
				TEST_HOST = "$(BUILT_PRODUCTS_DIR)/CascViewer.app/Contents/MacOS/CascViewer";
			};
			name = Release;
		};
		DC5A9B650354092CC2336788 /* Release */ = {
			isa = XCBuildConfiguration;
			buildSettings = {
				ARCHS = "$(ARCHS_STANDARD)";
				ASSETCATALOG_COMPILER_APPICON_NAME = AppIcon;
				ASSETCATALOG_COMPILER_GLOBAL_ACCENT_COLOR_NAME = AccentColor;
				CLANG_CXX_LANGUAGE_STANDARD = "c++23";
				COMBINE_HIDPI_IMAGES = YES;
				GCC_PREPROCESSOR_DEFINITIONS = (
					"$(inherited)",
					CASCLIB_NO_AUTO_LINK_LIBRARY,
					CASCLIB_NODEBUG,
					CASC_USE_SYSTEM_ZLIB,
				);
				GENERATE_INFOPLIST_FILE = NO;
				HEADER_SEARCH_PATHS = (
					"$(SRCROOT)/CascViewer/Core/CASCBridge/include",
					"$(SRCROOT)/CascLib/src",
				);
				INFOPLIST_FILE = CascViewer/Resources/Info.plist;
				LD_RUNPATH_SEARCH_PATHS = "$(inherited) @executable_path/../Frameworks";
				MACOSX_DEPLOYMENT_TARGET = 13.0;
				OTHER_CPLUSPLUSFLAGS = "$(inherited)";
				OTHER_SWIFT_FLAGS = "$(inherited) -I$(SRCROOT)/CascViewer/Core/CASCBridge/include";
				PRODUCT_BUNDLE_IDENTIFIER = com.cascviewer.CascViewer;
				SDKROOT = macosx;
				SWIFT_BRIDGING_HEADER = "CascViewer/CascViewer-Bridging-Header.h";
				SWIFT_EMIT_LOC_STRINGS = YES;
				SWIFT_OBJC_INTEROP_MODE = objcxx;
				SWIFT_VERSION = 5.9;
			};
			name = Release;
		};
/* End XCBuildConfiguration section */

/* Begin XCConfigurationList section */
		1AE9EB794236EB055B17ADE7 /* Build configuration list for PBXNativeTarget "CascViewer" */ = {
			isa = XCConfigurationList;
			buildConfigurations = (
				DC5A9B650354092CC2336788 /* Release */,
				300C82D7B91B60B7C58FAD72 /* Debug */,
			);
			defaultConfigurationIsVisible = 0;
			defaultConfigurationName = Release;
		};
		5687AAE4575D4634E3E72808 /* Build configuration list for PBXNativeTarget "CascViewerTests" */ = {
			isa = XCConfigurationList;
			buildConfigurations = (
				9A40D9DC7509D8E3D4C72DDD /* Release */,
				7EA7F094CCD521DD3142083E /* Debug */,
			);
			defaultConfigurationIsVisible = 0;
			defaultConfigurationName = Release;
		};
		7C81AB148F6E7D6C5C8B8712 /* Build configuration list for PBXProject "CascViewer" */ = {
			isa = XCConfigurationList;
			buildConfigurations = (
				50399C807CD4DD6372A2A4CF /* Debug */,
				5D56CFEC4DDA752783F309B6 /* Release */,
			);
			defaultConfigurationIsVisible = 0;
			defaultConfigurationName = Release;
		};
/* End XCConfigurationList section */
	};
	rootObject = 32D2DC30BA1B1A342192574A /* Project object */;
}
